
Microsoft Visual Studio Solution File, Format Version 12.00
# Visual Studio Version 16
VisualStudioVersion = 16.0.29911.84
MinimumVisualStudioVersion = 10.0.40219.1
Project("{9A19103F-16F7-4668-BE54-9A1E7A4F7556}") = "Tern.Api", "Tern.Api\Tern.Api.csproj", "{3EA2B69C-2919-46E8-9C9E-4AD040A73174}"
EndProject
Project("{9A19103F-16F7-4668-BE54-9A1E7A4F7556}") = "Tern.Model", "Tern.Model\Tern.Model.csproj", "{74E36C69-10E0-4A05-ACE5-7E85D253D2E3}"
EndProject
Project("{9A19103F-16F7-4668-BE54-9A1E7A4F7556}") = "Tern.Business", "Tern.Business\Tern.Business.csproj", "{054135BA-0FD2-4CEC-8E48-007D32D0433E}"
EndProject
Project("{9A19103F-16F7-4668-BE54-9A1E7A4F7556}") = "Tern.Interface", "Tern.Interface\Tern.Interface.csproj", "{BA503B50-C16A-452D-82DE-89BE710C342C}"
EndProject
Project("{9A19103F-16F7-4668-BE54-9A1E7A4F7556}") = "Tern.Test", "Tern.Test\Tern.Test.csproj", "{7E59A82B-4300-43D5-A7E8-93571088BDBD}"
EndProject
Project("{FAE04EC0-301F-11D3-BF4B-00C04F79EFBC}") = "Tern.Data", "Tern.Data\Tern.Data.csproj", "{A3C48B87-A24A-4F74-84EA-1314073E887C}"
EndProject
Project("{FAE04EC0-301F-11D3-BF4B-00C04F79EFBC}") = "Tern.Domain", "Tern.Domain\Tern.Domain.csproj", "{6E6CA804-4856-4E24-9507-62FAECF82798}"
EndProject
Global
	GlobalSection(SolutionConfigurationPlatforms) = preSolution
		Debug|Any CPU = Debug|Any CPU
		Release|Any CPU = Release|Any CPU
	EndGlobalSection
	GlobalSection(ProjectConfigurationPlatforms) = postSolution
		{3EA2B69C-2919-46E8-9C9E-4AD040A73174}.Debug|Any CPU.ActiveCfg = Debug|Any CPU
		{3EA2B69C-2919-46E8-9C9E-4AD040A73174}.Debug|Any CPU.Build.0 = Debug|Any CPU
		{3EA2B69C-2919-46E8-9C9E-4AD040A73174}.Release|Any CPU.ActiveCfg = Release|Any CPU
		{3EA2B69C-2919-46E8-9C9E-4AD040A73174}.Release|Any CPU.Build.0 = Release|Any CPU
		{74E36C69-10E0-4A05-ACE5-7E85D253D2E3}.Debug|Any CPU.ActiveCfg = Debug|Any CPU
		{74E36C69-10E0-4A05-ACE5-7E85D253D2E3}.Debug|Any CPU.Build.0 = Debug|Any CPU
		{74E36C69-10E0-4A05-ACE5-7E85D253D2E3}.Release|Any CPU.ActiveCfg = Release|Any CPU
		{74E36C69-10E0-4A05-ACE5-7E85D253D2E3}.Release|Any CPU.Build.0 = Release|Any CPU
		{054135BA-0FD2-4CEC-8E48-007D32D0433E}.Debug|Any CPU.ActiveCfg = Debug|Any CPU
		{054135BA-0FD2-4CEC-8E48-007D32D0433E}.Debug|Any CPU.Build.0 = Debug|Any CPU
		{054135BA-0FD2-4CEC-8E48-007D32D0433E}.Release|Any CPU.ActiveCfg = Release|Any CPU
		{054135BA-0FD2-4CEC-8E48-007D32D0433E}.Release|Any CPU.Build.0 = Release|Any CPU
		{BA503B50-C16A-452D-82DE-89BE710C342C}.Debug|Any CPU.ActiveCfg = Debug|Any CPU
		{BA503B50-C16A-452D-82DE-89BE710C342C}.Debug|Any CPU.Build.0 = Debug|Any CPU
		{BA503B50-C16A-452D-82DE-89BE710C342C}.Release|Any CPU.ActiveCfg = Release|Any CPU
		{BA503B50-C16A-452D-82DE-89BE710C342C}.Release|Any CPU.Build.0 = Release|Any CPU
		{7E59A82B-4300-43D5-A7E8-93571088BDBD}.Debug|Any CPU.ActiveCfg = Debug|Any CPU
		{7E59A82B-4300-43D5-A7E8-93571088BDBD}.Debug|Any CPU.Build.0 = Debug|Any CPU
		{7E59A82B-4300-43D5-A7E8-93571088BDBD}.Release|Any CPU.ActiveCfg = Release|Any CPU
		{7E59A82B-4300-43D5-A7E8-93571088BDBD}.Release|Any CPU.Build.0 = Release|Any CPU
		{A3C48B87-A24A-4F74-84EA-1314073E887C}.Debug|Any CPU.ActiveCfg = Debug|Any CPU
		{A3C48B87-A24A-4F74-84EA-1314073E887C}.Debug|Any CPU.Build.0 = Debug|Any CPU
		{A3C48B87-A24A-4F74-84EA-1314073E887C}.Release|Any CPU.ActiveCfg = Release|Any CPU
		{A3C48B87-A24A-4F74-84EA-1314073E887C}.Release|Any CPU.Build.0 = Release|Any CPU
		{6E6CA804-4856-4E24-9507-62FAECF82798}.Debug|Any CPU.ActiveCfg = Debug|Any CPU
		{6E6CA804-4856-4E24-9507-62FAECF82798}.Debug|Any CPU.Build.0 = Debug|Any CPU
		{6E6CA804-4856-4E24-9507-62FAECF82798}.Release|Any CPU.ActiveCfg = Release|Any CPU
		{6E6CA804-4856-4E24-9507-62FAECF82798}.Release|Any CPU.Build.0 = Release|Any CPU
	EndGlobalSection
	GlobalSection(SolutionProperties) = preSolution
		HideSolutionNode = FALSE
	EndGlobalSection
	GlobalSection(ExtensibilityGlobals) = postSolution
		SolutionGuid = {D2A25C83-0383-4B60-BECD-7FC9AC50F61C}
	EndGlobalSection
EndGlobal
